{
  "name": "primitiv-applications",
  "lockfileVersion": 3,
  "requires": true,
  "packages": {
    "": {
      "name": "primitiv-applications",
      "dependencies": {
        "@primitiv/engine": "^0.22.0"
      }
    },
    "node_modules/.pnpm/@primitiv+core@0.20.0-nightly.20260221124732.9164462": {
      "extraneous": true
    },
    "node_modules/.pnpm/@primitiv+engine@0.20.0-nightly.20260221124732.9164462": {
      "extraneous": true
    },
    "node_modules/.pnpm/@primitiv+logger@0.20.0-nightly.20260221124732.9164462/node_modules/@primitiv/logger": {
      "version": "0.20.0-nightly.20260221124732.9164462",
      "extraneous": true,
      "license": "Apache-2.0",
      "devDependencies": {
        "typescript": "^5.6.3"
      },
      "engines": {
        "node": ">=18.0.0"
      }
    },
    "node_modules/.pnpm/@primitiv+types@0.20.0-nightly.20260221124732.9164462/node_modules/@primitiv/types": {
      "version": "0.20.0-nightly.20260221124732.9164462",
      "extraneous": true,
      "license": "Apache-2.0",
      "devDependencies": {
        "typescript": "^5.6.3"
      },
      "engines": {
        "node": ">=18.0.0"
      }
    },
    "node_modules/@primitiv/core": {
      "version": "0.22.0",
      "resolved": "https://registry.npmjs.org/@primitiv/core/-/core-0.22.0.tgz",
      "integrity": "sha512-8sAir/Xr7tgr/4hXZUKhnQEXBCMLvwm/dzgMrwNIKtggOd570iK9HrBymLM32220s7r6ncYxfZqVsEmfvfvhnw==",
      "dependencies": {
        "@primitiv/logger": "0.22.0",
        "@primitiv/types": "0.22.0"
      },
      "engines": {
        "node": ">=18.0.0"
      }
    },
    "node_modules/@primitiv/engine": {
      "version": "0.22.0",
      "resolved": "https://registry.npmjs.org/@primitiv/engine/-/engine-0.22.0.tgz",
      "integrity": "sha512-Q+uytLt3eeCLbBLr15pRII19zu06A0n4POy6DD9uvW9jiy6+1dR3TzvUsSVZ+HZzbzFTHJiVfoWbwhkBtHAuUA==",
      "dependencies": {
        "@primitiv/core": "0.22.0",
        "@primitiv/types": "0.22.0"
      },
      "engines": {
        "node": ">=18.0.0"
      }
    },
    "node_modules/@primitiv/logger": {
      "version": "0.22.0",
      "resolved": "https://registry.npmjs.org/@primitiv/logger/-/logger-0.22.0.tgz",
      "integrity": "sha512-qTA1LbUF3QDASwUAsnMpUiYKyKKYUjcGS46Ikxr14PBV8vnIo9alw6wtpEl29VJn9sT+zMp61o+5a+xMHcOSVg==",
      "engines": {
        "node": ">=18.0.0"
      }
    },
    "node_modules/@primitiv/types": {
      "version": "0.22.0",
      "resolved": "https://registry.npmjs.org/@primitiv/types/-/types-0.22.0.tgz",
      "integrity": "sha512-KJ8/GLYjg/IoKvtAdaWahbLs1yQkB3uh+iQDHMbTNn29C4wCRf94pEGKhmefMVyIbSnh5bIZwqckrFbUY8ojog==",
      "engines": {
        "node": ">=18.0.0"
      }
    }
  }
}
