lockfileVersion: '9.0'

settings:
  autoInstallPeers: true
  excludeLinksFromLockfile: false

overrides:
  '@primitiv/audio': file:C:/Users/Thomas/Documents/primitiv/primitiv/packages/audio
  '@primitiv/cli': file:C:/Users/Thomas/Documents/primitiv/primitiv/packages/cli
  '@primitiv/client': file:C:/Users/Thomas/Documents/primitiv/primitiv/packages/client
  '@primitiv/core': file:C:/Users/Thomas/Documents/primitiv/primitiv/packages/core
  '@primitiv/engine': file:C:/Users/Thomas/Documents/primitiv/primitiv/packages/engine
  '@primitiv/input': file:C:/Users/Thomas/Documents/primitiv/primitiv/packages/input
  '@primitiv/logger': file:C:/Users/Thomas/Documents/primitiv/primitiv/packages/logger
  '@primitiv/macro': file:C:/Users/Thomas/Documents/primitiv/primitiv/packages/macro
  '@primitiv/network-client': file:C:/Users/Thomas/Documents/primitiv/primitiv/packages/network-client
  '@primitiv/network-common': file:C:/Users/Thomas/Documents/primitiv/primitiv/packages/network-common
  '@primitiv/network-server': file:C:/Users/Thomas/Documents/primitiv/primitiv/packages/network-server
  '@primitiv/render': file:C:/Users/Thomas/Documents/primitiv/primitiv/packages/render
  '@primitiv/runtime-client': file:C:/Users/Thomas/Documents/primitiv/primitiv/packages/runtime-client
  '@primitiv/runtime-server': file:C:/Users/Thomas/Documents/primitiv/primitiv/packages/runtime-server
  '@primitiv/server': file:C:/Users/Thomas/Documents/primitiv/primitiv/packages/server
  '@primitiv/types': file:C:/Users/Thomas/Documents/primitiv/primitiv/packages/types
  '@primitiv/visual-debugger': file:C:/Users/Thomas/Documents/primitiv/primitiv/packages/visual-debugger

importers:

  .:
    dependencies:
      '@primitiv/engine':
        specifier: file:C:/Users/Thomas/Documents/primitiv/primitiv/packages/engine
        version: file:../../primitiv/packages/engine

packages:

  '@primitiv/core@file:../../primitiv/packages/core':
    resolution: {directory: ../../primitiv/packages/core, type: directory}
    engines: {node: '>=18.0.0'}

  '@primitiv/engine@file:../../primitiv/packages/engine':
    resolution: {directory: ../../primitiv/packages/engine, type: directory}
    engines: {node: '>=18.0.0'}

  '@primitiv/logger@file:../../primitiv/packages/logger':
    resolution: {directory: ../../primitiv/packages/logger, type: directory}
    engines: {node: '>=18.0.0'}

  '@primitiv/types@file:../../primitiv/packages/types':
    resolution: {directory: ../../primitiv/packages/types, type: directory}
    engines: {node: '>=18.0.0'}

snapshots:

  '@primitiv/core@file:../../primitiv/packages/core':
    dependencies:
      '@primitiv/logger': file:../../primitiv/packages/logger
      '@primitiv/types': file:../../primitiv/packages/types

  '@primitiv/engine@file:../../primitiv/packages/engine':
    dependencies:
      '@primitiv/core': file:../../primitiv/packages/core
      '@primitiv/types': file:../../primitiv/packages/types

  '@primitiv/logger@file:../../primitiv/packages/logger': {}

  '@primitiv/types@file:../../primitiv/packages/types': {}
