lockfileVersion: '9.0'

settings:
  autoInstallPeers: true
  excludeLinksFromLockfile: false

importers:

  .:
    dependencies:
      '@primitiv/engine':
        specifier: 0.21.0-nightly.20260308225608.e7edbdc
        version: 0.21.0-nightly.20260308225608.e7edbdc

packages:

  '@primitiv/core@0.21.0-nightly.20260308225608.e7edbdc':
    resolution: {integrity: sha512-dE6XQ/VhziIpGxFtwkVhrRJ9iSmYQW9/WUGoyrvqxtKQuCTpSfoHwO/0H6QRNjxdSLVKVQjzGIQ/UGnT+cupIg==}
    engines: {node: '>=18.0.0'}

  '@primitiv/engine@0.21.0-nightly.20260308225608.e7edbdc':
    resolution: {integrity: sha512-C+jZ8rgcTu3p4kU92hSCwgGgqpE3dNA2kZhWXhQgiBa+pslhOK8HCxBRl+vr2yembRJU8zBIh4iYHLdevjtATg==}
    engines: {node: '>=18.0.0'}

  '@primitiv/logger@0.21.0-nightly.20260308225608.e7edbdc':
    resolution: {integrity: sha512-XBNOFnaPirippukqVe+cQn078CoWriPfOxvjvlYBS75dDhTfzwDaC9UTQSEWNfGepv4x4Uss2nOqTuV5ZVRPfA==}
    engines: {node: '>=18.0.0'}

  '@primitiv/types@0.21.0-nightly.20260308225608.e7edbdc':
    resolution: {integrity: sha512-qTJxfAe208ptkPR+T62mq6AhKXgOxvbvHrfJJh9LENFuoup7EswTD+eMlpp12IppeaVyJJU2MBND0qTEN5JHmA==}
    engines: {node: '>=18.0.0'}

snapshots:

  '@primitiv/core@0.21.0-nightly.20260308225608.e7edbdc':
    dependencies:
      '@primitiv/logger': 0.21.0-nightly.20260308225608.e7edbdc
      '@primitiv/types': 0.21.0-nightly.20260308225608.e7edbdc

  '@primitiv/engine@0.21.0-nightly.20260308225608.e7edbdc':
    dependencies:
      '@primitiv/core': 0.21.0-nightly.20260308225608.e7edbdc
      '@primitiv/types': 0.21.0-nightly.20260308225608.e7edbdc

  '@primitiv/logger@0.21.0-nightly.20260308225608.e7edbdc': {}

  '@primitiv/types@0.21.0-nightly.20260308225608.e7edbdc': {}
